// !$*UTF8*$!
{
	archiveVersion = 1;
	classes = {
	};
	objectVersion = 56;
	objects = {

/* Begin PBXBuildFile section */
		9850611529E47AC70000D534 /* MantledaApp.swift in Sources */ = {isa = PBXBuildFile; fileRef = 9850611429E47AC70000D534 /* MantledaApp.swift */; };
		9850611729E47AC70000D534 /* ContentView.swift in Sources */ = {isa = PBXBuildFile; fileRef = 9850611629E47AC70000D534 /* ContentView.swift */; };
		9850611929E47ACA0000D534 /* Assets.xcassets in Resources */ = {isa = PBXBuildFile; fileRef = 9850611829E47ACA0000D534 /* Assets.xcassets */; };
		9850611C29E47ACA0000D534 /* Preview Assets.xcassets in Resources */ = {isa = PBXBuildFile; fileRef = 9850611B29E47ACA0000D534 /* Preview Assets.xcassets */; };
		987DA6142AD2E4CA00C6551D /* CanvasView.swift in Sources */ = {isa = PBXBuildFile; fileRef = 987DA6132AD2E4CA00C6551D /* CanvasView.swift */; };
		98BF358D2AC9E6C100FB43BC /* SketchManager.swift in Sources */ = {isa = PBXBuildFile; fileRef = 98BF358C2AC9E6C100FB43BC /* SketchManager.swift */; };
		98D5A6EB29E5FCE0007C52D7 /* Swia in Frameworks */ = {isa = PBXBuildFile; productRef = 98D5A6EA29E5FCE0007C52D7 /* Swia */; };
/* End PBXBuildFile section */

/* Begin PBXFileReference section */
		9850611129E47AC70000D534 /* MantlEDA.app */ = {isa = PBXFileReference; explicitFileType = wrapper.application; includeInIndex = 0; path = MantlEDA.app; sourceTree = BUILT_PRODUCTS_DIR; };
		9850611429E47AC70000D534 /* MantledaApp.swift */ = {isa = PBXFileReference; lastKnownFileType = sourcecode.swift; path = MantledaApp.swift; sourceTree = "<group>"; };
		9850611629E47AC70000D534 /* ContentView.swift */ = {isa = PBXFileReference; lastKnownFileType = sourcecode.swift; path = ContentView.swift; sourceTree = "<group>"; };
		9850611829E47ACA0000D534 /* Assets.xcassets */ = {isa = PBXFileReference; lastKnownFileType = folder.assetcatalog; path = Assets.xcassets; sourceTree = "<group>"; };
		9850611B29E47ACA0000D534 /* Preview Assets.xcassets */ = {isa = PBXFileReference; lastKnownFileType = folder.assetcatalog; path = "Preview Assets.xcassets"; sourceTree = "<group>"; };
		987DA6132AD2E4CA00C6551D /* CanvasView.swift */ = {isa = PBXFileReference; lastKnownFileType = sourcecode.swift; path = CanvasView.swift; sourceTree = "<group>"; };
		98BF358C2AC9E6C100FB43BC /* SketchManager.swift */ = {isa = PBXFileReference; lastKnownFileType = sourcecode.swift; path = SketchManager.swift; sourceTree = "<group>"; };
		98D5A6E929E5FC88007C52D7 /* Swia */ = {isa = PBXFileReference; lastKnownFileType = wrapper; name = Swia; path = ../../../Swia; sourceTree = "<group>"; };
/* End PBXFileReference section */

/* Begin PBXFrameworksBuildPhase section */
		9850610E29E47AC70000D534 /* Frameworks */ = {
			isa = PBXFrameworksBuildPhase;
			buildActionMask = 2147483647;
			files = (
				98D5A6EB29E5FCE0007C52D7 /* Swia in Frameworks */,
			);
			runOnlyForDeploymentPostprocessing = 0;
		};
/* End PBXFrameworksBuildPhase section */

/* Begin PBXGroup section */
		9850610829E47AC70000D534 = {
			isa = PBXGroup;
			children = (
				98A8458829E47F390010CA0C /* Packages */,
				9850611329E47AC70000D534 /* MantlEDA */,
				9850611229E47AC70000D534 /* Products */,
				9850612229E47B5B0000D534 /* Frameworks */,
			);
			sourceTree = "<group>";
		};
		9850611229E47AC70000D534 /* Products */ = {
			isa = PBXGroup;
			children = (
				9850611129E47AC70000D534 /* MantlEDA.app */,
			);
			name = Products;
			sourceTree = "<group>";
		};
		9850611329E47AC70000D534 /* MantlEDA */ = {
			isa = PBXGroup;
			children = (
				9850611429E47AC70000D534 /* MantledaApp.swift */,
				9850611629E47AC70000D534 /* ContentView.swift */,
				9850611829E47ACA0000D534 /* Assets.xcassets */,
				9850611A29E47ACA0000D534 /* Preview Content */,
				98BF358C2AC9E6C100FB43BC /* SketchManager.swift */,
				987DA6132AD2E4CA00C6551D /* CanvasView.swift */,
			);
			name = MantlEDA;
			path = ../../../app/apple/MantlEDA;
			sourceTree = "<group>";
		};
		9850611A29E47ACA0000D534 /* Preview Content */ = {
			isa = PBXGroup;
			children = (
				9850611B29E47ACA0000D534 /* Preview Assets.xcassets */,
			);
			path = "Preview Content";
			sourceTree = "<group>";
		};
		9850612229E47B5B0000D534 /* Frameworks */ = {
			isa = PBXGroup;
			children = (
			);
			name = Frameworks;
			sourceTree = "<group>";
		};
		98A8458829E47F390010CA0C /* Packages */ = {
			isa = PBXGroup;
			children = (
				98D5A6E929E5FC88007C52D7 /* Swia */,
			);
			name = Packages;
			sourceTree = "<group>";
		};
/* End PBXGroup section */

/* Begin PBXNativeTarget section */
		9850611029E47AC70000D534 /* MantlEDA */ = {
			isa = PBXNativeTarget;
			buildConfigurationList = 9850611F29E47ACA0000D534 /* Build configuration list for PBXNativeTarget "MantlEDA" */;
			buildPhases = (
				9850610D29E47AC70000D534 /* Sources */,
				9850610E29E47AC70000D534 /* Frameworks */,
				9850610F29E47AC70000D534 /* Resources */,
			);
			buildRules = (
			);
			dependencies = (
			);
			name = MantlEDA;
			packageProductDependencies = (
				98D5A6EA29E5FCE0007C52D7 /* Swia */,
			);
			productName = MantlEDA;
			productReference = 9850611129E47AC70000D534 /* MantlEDA.app */;
			productType = "com.apple.product-type.application";
		};
/* End PBXNativeTarget section */

/* Begin PBXProject section */
		9850610929E47AC70000D534 /* Project object */ = {
			isa = PBXProject;
			attributes = {
				BuildIndependentTargetsInParallel = 1;
				LastSwiftUpdateCheck = 1410;
				LastUpgradeCheck = 1410;
				TargetAttributes = {
					9850611029E47AC70000D534 = {
						CreatedOnToolsVersion = 14.1;
					};
				};
			};
			buildConfigurationList = 9850610C29E47AC70000D534 /* Build configuration list for PBXProject "MantlEDA" */;
			compatibilityVersion = "Xcode 14.0";
			developmentRegion = en;
			hasScannedForEncodings = 0;
			knownRegions = (
				en,
				Base,
			);
			mainGroup = 9850610829E47AC70000D534;
			productRefGroup = 9850611229E47AC70000D534 /* Products */;
			projectDirPath = "";
			projectRoot = "";
			targets = (
				9850611029E47AC70000D534 /* MantlEDA */,
			);
		};
/* End PBXProject section */

/* Begin PBXResourcesBuildPhase section */
		9850610F29E47AC70000D534 /* Resources */ = {
			isa = PBXResourcesBuildPhase;
			buildActionMask = 2147483647;
			files = (
				9850611C29E47ACA0000D534 /* Preview Assets.xcassets in Resources */,
				9850611929E47ACA0000D534 /* Assets.xcassets in Resources */,
			);
			runOnlyForDeploymentPostprocessing = 0;
		};
/* End PBXResourcesBuildPhase section */

/* Begin PBXSourcesBuildPhase section */
		9850610D29E47AC70000D534 /* Sources */ = {
			isa = PBXSourcesBuildPhase;
			buildActionMask = 2147483647;
			files = (
				98BF358D2AC9E6C100FB43BC /* SketchManager.swift in Sources */,
				9850611729E47AC70000D534 /* ContentView.swift in Sources */,
				987DA6142AD2E4CA00C6551D /* CanvasView.swift in Sources */,
				9850611529E47AC70000D534 /* MantledaApp.swift in Sources */,
			);
			runOnlyForDeploymentPostprocessing = 0;
		};
/* End PBXSourcesBuildPhase section */

/* Begin XCBuildConfiguration section */
		9850611D29E47ACA0000D534 /* Debug */ = {
			isa = XCBuildConfiguration;
			buildSettings = {
				ALWAYS_SEARCH_USER_PATHS = NO;
				CLANG_ANALYZER_NONNULL = YES;
				CLANG_ANALYZER_NUMBER_OBJECT_CONVERSION = YES_AGGRESSIVE;
				CLANG_CXX_LANGUAGE_STANDARD = "gnu++20";
				CLANG_ENABLE_MODULES = YES;
				CLANG_ENABLE_OBJC_ARC = YES;
				CLANG_ENABLE_OBJC_WEAK = YES;
				CLANG_WARN_BLOCK_CAPTURE_AUTORELEASING = YES;
				CLANG_WARN_BOOL_CONVERSION = YES;
				CLANG_WARN_COMMA = YES;
				CLANG_WARN_CONSTANT_CONVERSION = YES;
				CLANG_WARN_DEPRECATED_OBJC_IMPLEMENTATIONS = YES;
				CLANG_WARN_DIRECT_OBJC_ISA_USAGE = YES_ERROR;
				CLANG_WARN_DOCUMENTATION_COMMENTS = YES;
				CLANG_WARN_EMPTY_BODY = YES;
				CLANG_WARN_ENUM_CONVERSION = YES;
				CLANG_WARN_INFINITE_RECURSION = YES;
				CLANG_WARN_INT_CONVERSION = YES;
				CLANG_WARN_NON_LITERAL_NULL_CONVERSION = YES;
				CLANG_WARN_OBJC_IMPLICIT_RETAIN_SELF = YES;
				CLANG_WARN_OBJC_LITERAL_CONVERSION = YES;
				CLANG_WARN_OBJC_ROOT_CLASS = YES_ERROR;
				CLANG_WARN_QUOTED_INCLUDE_IN_FRAMEWORK_HEADER = YES;
				CLANG_WARN_RANGE_LOOP_ANALYSIS = YES;
				CLANG_WARN_STRICT_PROTOTYPES = YES;
				CLANG_WARN_SUSPICIOUS_MOVE = YES;
				CLANG_WARN_UNGUARDED_AVAILABILITY = YES_AGGRESSIVE;
				CLANG_WARN_UNREACHABLE_CODE = YES;
				CLANG_WARN__DUPLICATE_METHOD_MATCH = YES;
				COPY_PHASE_STRIP = NO;
				DEBUG_INFORMATION_FORMAT = dwarf;
				ENABLE_STRICT_OBJC_MSGSEND = YES;
				ENABLE_TESTABILITY = YES;
				GCC_C_LANGUAGE_STANDARD = gnu11;
				GCC_DYNAMIC_NO_PIC = NO;
				GCC_NO_COMMON_BLOCKS = YES;
				GCC_OPTIMIZATION_LEVEL = 0;
				GCC_PREPROCESSOR_DEFINITIONS = (
					"DEBUG=1",
					"$(inherited)",
				);
				GCC_WARN_64_TO_32_BIT_CONVERSION = YES;
				GCC_WARN_ABOUT_RETURN_TYPE = YES_ERROR;
				GCC_WARN_UNDECLARED_SELECTOR = YES;
				GCC_WARN_UNINITIALIZED_AUTOS = YES_AGGRESSIVE;
				GCC_WARN_UNUSED_FUNCTION = YES;
				GCC_WARN_UNUSED_VARIABLE = YES;
				IPHONEOS_DEPLOYMENT_TARGET = 16.1;
				MTL_ENABLE_DEBUG_INFO = INCLUDE_SOURCE;
				MTL_FAST_MATH = YES;
				ONLY_ACTIVE_ARCH = YES;
				SDKROOT = iphoneos;
				SWIFT_ACTIVE_COMPILATION_CONDITIONS = DEBUG;
				SWIFT_OPTIMIZATION_LEVEL = "-Onone";
			};
			name = Debug;
		};
		9850611E29E47ACA0000D534 /* Release */ = {
			isa = XCBuildConfiguration;
			buildSettings = {
				ALWAYS_SEARCH_USER_PATHS = NO;
				CLANG_ANALYZER_NONNULL = YES;
				CLANG_ANALYZER_NUMBER_OBJECT_CONVERSION = YES_AGGRESSIVE;
				CLANG_CXX_LANGUAGE_STANDARD = "gnu++20";
				CLANG_ENABLE_MODULES = YES;
				CLANG_ENABLE_OBJC_ARC = YES;
				CLANG_ENABLE_OBJC_WEAK = YES;
				CLANG_WARN_BLOCK_CAPTURE_AUTORELEASING = YES;
				CLANG_WARN_BOOL_CONVERSION = YES;
				CLANG_WARN_COMMA = YES;
				CLANG_WARN_CONSTANT_CONVERSION = YES;
				CLANG_WARN_DEPRECATED_OBJC_IMPLEMENTATIONS = YES;
				CLANG_WARN_DIRECT_OBJC_ISA_USAGE = YES_ERROR;
				CLANG_WARN_DOCUMENTATION_COMMENTS = YES;
				CLANG_WARN_EMPTY_BODY = YES;
				CLANG_WARN_ENUM_CONVERSION = YES;
				CLANG_WARN_INFINITE_RECURSION = YES;
				CLANG_WARN_INT_CONVERSION = YES;
				CLANG_WARN_NON_LITERAL_NULL_CONVERSION = YES;
				CLANG_WARN_OBJC_IMPLICIT_RETAIN_SELF = YES;
				CLANG_WARN_OBJC_LITERAL_CONVERSION = YES;
				CLANG_WARN_OBJC_ROOT_CLASS = YES_ERROR;
				CLANG_WARN_QUOTED_INCLUDE_IN_FRAMEWORK_HEADER = YES;
				CLANG_WARN_RANGE_LOOP_ANALYSIS = YES;
				CLANG_WARN_STRICT_PROTOTYPES = YES;
				CLANG_WARN_SUSPICIOUS_MOVE = YES;
				CLANG_WARN_UNGUARDED_AVAILABILITY = YES_AGGRESSIVE;
				CLANG_WARN_UNREACHABLE_CODE = YES;
				CLANG_WARN__DUPLICATE_METHOD_MATCH = YES;
				COPY_PHASE_STRIP = NO;
				DEBUG_INFORMATION_FORMAT = "dwarf-with-dsym";
				ENABLE_NS_ASSERTIONS = NO;
				ENABLE_STRICT_OBJC_MSGSEND = YES;
				GCC_C_LANGUAGE_STANDARD = gnu11;
				GCC_NO_COMMON_BLOCKS = YES;
				GCC_WARN_64_TO_32_BIT_CONVERSION = YES;
				GCC_WARN_ABOUT_RETURN_TYPE = YES_ERROR;
				GCC_WARN_UNDECLARED_SELECTOR = YES;
				GCC_WARN_UNINITIALIZED_AUTOS = YES_AGGRESSIVE;
				GCC_WARN_UNUSED_FUNCTION = YES;
				GCC_WARN_UNUSED_VARIABLE = YES;
				IPHONEOS_DEPLOYMENT_TARGET = 16.1;
				MTL_ENABLE_DEBUG_INFO = NO;
				MTL_FAST_MATH = YES;
				SDKROOT = iphoneos;
				SWIFT_COMPILATION_MODE = wholemodule;
				SWIFT_OPTIMIZATION_LEVEL = "-O";
				VALIDATE_PRODUCT = YES;
			};
			name = Release;
		};
		9850612029E47ACA0000D534 /* Debug */ = {
			isa = XCBuildConfiguration;
			buildSettings = {
				ASSETCATALOG_COMPILER_APPICON_NAME = AppIcon;
				ASSETCATALOG_COMPILER_GLOBAL_ACCENT_COLOR_NAME = AccentColor;
				CODE_SIGN_STYLE = Automatic;
				CURRENT_PROJECT_VERSION = 1;
				DEVELOPMENT_ASSET_PATHS = "\"../../../app/apple/MantlEDA/Preview Content\"";
				DEVELOPMENT_TEAM = GAUVC6RGN7;
				ENABLE_PREVIEWS = YES;
				GENERATE_INFOPLIST_FILE = YES;
				INFOPLIST_KEY_CFBundleDisplayName = MantlEDA;
				INFOPLIST_KEY_UIApplicationSceneManifest_Generation = YES;
				INFOPLIST_KEY_UIApplicationSupportsIndirectInputEvents = YES;
				INFOPLIST_KEY_UILaunchScreen_Generation = YES;
				INFOPLIST_KEY_UISupportedInterfaceOrientations_iPad = "UIInterfaceOrientationPortrait UIInterfaceOrientationPortraitUpsideDown UIInterfaceOrientationLandscapeLeft UIInterfaceOrientationLandscapeRight";
				INFOPLIST_KEY_UISupportedInterfaceOrientations_iPhone = "UIInterfaceOrientationPortrait UIInterfaceOrientationLandscapeLeft UIInterfaceOrientationLandscapeRight";
				LD_RUNPATH_SEARCH_PATHS = (
					"$(inherited)",
					"@executable_path/Frameworks",
				);
				MARKETING_VERSION = 1.0;
				PRODUCT_BUNDLE_IDENTIFIER = dev.nomantis.MantlEDA;
				PRODUCT_NAME = "$(TARGET_NAME)";
				SUPPORTED_PLATFORMS = "iphoneos iphonesimulator macosx";
				SUPPORTS_MACCATALYST = NO;
				SUPPORTS_MAC_DESIGNED_FOR_IPHONE_IPAD = NO;
				SWIFT_EMIT_LOC_STRINGS = YES;
				SWIFT_VERSION = 5.0;
				TARGETED_DEVICE_FAMILY = 2;
			};
			name = Debug;
		};
		9850612129E47ACA0000D534 /* Release */ = {
			isa = XCBuildConfiguration;
			buildSettings = {
				ASSETCATALOG_COMPILER_APPICON_NAME = AppIcon;
				ASSETCATALOG_COMPILER_GLOBAL_ACCENT_COLOR_NAME = AccentColor;
				CODE_SIGN_STYLE = Automatic;
				CURRENT_PROJECT_VERSION = 1;
				DEVELOPMENT_ASSET_PATHS = "\"../../../app/apple/MantlEDA/Preview Content\"";
				DEVELOPMENT_TEAM = GAUVC6RGN7;
				ENABLE_PREVIEWS = YES;
				GENERATE_INFOPLIST_FILE = YES;
				INFOPLIST_KEY_CFBundleDisplayName = MantlEDA;
				INFOPLIST_KEY_UIApplicationSceneManifest_Generation = YES;
				INFOPLIST_KEY_UIApplicationSupportsIndirectInputEvents = YES;
				INFOPLIST_KEY_UILaunchScreen_Generation = YES;
				INFOPLIST_KEY_UISupportedInterfaceOrientations_iPad = "UIInterfaceOrientationPortrait UIInterfaceOrientationPortraitUpsideDown UIInterfaceOrientationLandscapeLeft UIInterfaceOrientationLandscapeRight";
				INFOPLIST_KEY_UISupportedInterfaceOrientations_iPhone = "UIInterfaceOrientationPortrait UIInterfaceOrientationLandscapeLeft UIInterfaceOrientationLandscapeRight";
				LD_RUNPATH_SEARCH_PATHS = (
					"$(inherited)",
					"@executable_path/Frameworks",
				);
				MARKETING_VERSION = 1.0;
				PRODUCT_BUNDLE_IDENTIFIER = dev.nomantis.MantlEDA;
				PRODUCT_NAME = "$(TARGET_NAME)";
				SUPPORTED_PLATFORMS = "iphoneos iphonesimulator macosx";
				SUPPORTS_MACCATALYST = NO;
				SUPPORTS_MAC_DESIGNED_FOR_IPHONE_IPAD = NO;
				SWIFT_EMIT_LOC_STRINGS = YES;
				SWIFT_VERSION = 5.0;
				TARGETED_DEVICE_FAMILY = 2;
			};
			name = Release;
		};
/* End XCBuildConfiguration section */

/* Begin XCConfigurationList section */
		9850610C29E47AC70000D534 /* Build configuration list for PBXProject "MantlEDA" */ = {
			isa = XCConfigurationList;
			buildConfigurations = (
				9850611D29E47ACA0000D534 /* Debug */,
				9850611E29E47ACA0000D534 /* Release */,
			);
			defaultConfigurationIsVisible = 0;
			defaultConfigurationName = Release;
		};
		9850611F29E47ACA0000D534 /* Build configuration list for PBXNativeTarget "MantlEDA" */ = {
			isa = XCConfigurationList;
			buildConfigurations = (
				9850612029E47ACA0000D534 /* Debug */,
				9850612129E47ACA0000D534 /* Release */,
			);
			defaultConfigurationIsVisible = 0;
			defaultConfigurationName = Release;
		};
/* End XCConfigurationList section */

/* Begin XCSwiftPackageProductDependency section */
		98D5A6EA29E5FCE0007C52D7 /* Swia */ = {
			isa = XCSwiftPackageProductDependency;
			productName = Swia;
		};
/* End XCSwiftPackageProductDependency section */
	};
	rootObject = 9850610929E47AC70000D534 /* Project object */;
}
